
Microsoft Visual Studio Solution File, Format Version 12.00
# Visual Studio Version 16
VisualStudioVersion = 16.0.30907.101
MinimumVisualStudioVersion = 10.0.40219.1
Project("{9A19103F-16F7-4668-BE54-9A1E7A4F7556}") = "DayOneProblemOne", "DayOneProblemOne\DayOneProblemOne.csproj", "{D8ACFD77-ABCA-4D99-851C-04E478E785FF}"
EndProject
Project("{9A19103F-16F7-4668-BE54-9A1E7A4F7556}") = "DayOneProblemTwo", "DayOneProblemTwo\DayOneProblemTwo.csproj", "{F59869DF-AAE9-440D-A02A-14D70AE66604}"
EndProject
Project("{FAE04EC0-301F-11D3-BF4B-00C04F79EFBC}") = "DayTwoProblemTwo", "DayTwoProblemTwo\DayTwoProblemTwo.csproj", "{3AB7B7AC-4643-493A-B692-31AFDC817F0E}"
EndProject
Project("{FAE04EC0-301F-11D3-BF4B-00C04F79EFBC}") = "DayTwoProblemOne", "DayTwoProblemOne\DayTwoProblemOne.csproj", "{052E0E6B-280E-4401-91BA-4E2684B19136}"
EndProject
Project("{FAE04EC0-301F-11D3-BF4B-00C04F79EFBC}") = "DayThreeProblemOne", "DayThreeProblemOne\DayThreeProblemOne.csproj", "{2BF37159-94A0-49D0-9D0E-6D21F86C1856}"
EndProject
Project("{FAE04EC0-301F-11D3-BF4B-00C04F79EFBC}") = "DayThreeProblemTwo", "DayThreeProblemTwo\DayThreeProblemTwo.csproj", "{29EC5A54-AF64-4976-A307-3029D44234C5}"
EndProject
Project("{2150E333-8FDC-42A3-9474-1A3956D46DE8}") = "DayOne", "DayOne", "{F3D10F69-5213-4920-B051-40A261A95586}"
EndProject
Project("{2150E333-8FDC-42A3-9474-1A3956D46DE8}") = "DayTwo", "DayTwo", "{12E9FCE3-A59A-4CE5-80AB-D429684ACD15}"
EndProject
Project("{2150E333-8FDC-42A3-9474-1A3956D46DE8}") = "DayThree", "DayThree", "{62931EF2-EF71-4D5F-8E72-0DB9A09C6FA2}"
EndProject
Global
	GlobalSection(SolutionConfigurationPlatforms) = preSolution
		Debug|Any CPU = Debug|Any CPU
		Release|Any CPU = Release|Any CPU
	EndGlobalSection
	GlobalSection(ProjectConfigurationPlatforms) = postSolution
		{D8ACFD77-ABCA-4D99-851C-04E478E785FF}.Debug|Any CPU.ActiveCfg = Debug|Any CPU
		{D8ACFD77-ABCA-4D99-851C-04E478E785FF}.Debug|Any CPU.Build.0 = Debug|Any CPU
		{D8ACFD77-ABCA-4D99-851C-04E478E785FF}.Release|Any CPU.ActiveCfg = Release|Any CPU
		{D8ACFD77-ABCA-4D99-851C-04E478E785FF}.Release|Any CPU.Build.0 = Release|Any CPU
		{F59869DF-AAE9-440D-A02A-14D70AE66604}.Debug|Any CPU.ActiveCfg = Debug|Any CPU
		{F59869DF-AAE9-440D-A02A-14D70AE66604}.Debug|Any CPU.Build.0 = Debug|Any CPU
		{F59869DF-AAE9-440D-A02A-14D70AE66604}.Release|Any CPU.ActiveCfg = Release|Any CPU
		{F59869DF-AAE9-440D-A02A-14D70AE66604}.Release|Any CPU.Build.0 = Release|Any CPU
		{3AB7B7AC-4643-493A-B692-31AFDC817F0E}.Debug|Any CPU.ActiveCfg = Debug|Any CPU
		{3AB7B7AC-4643-493A-B692-31AFDC817F0E}.Debug|Any CPU.Build.0 = Debug|Any CPU
		{3AB7B7AC-4643-493A-B692-31AFDC817F0E}.Release|Any CPU.ActiveCfg = Release|Any CPU
		{3AB7B7AC-4643-493A-B692-31AFDC817F0E}.Release|Any CPU.Build.0 = Release|Any CPU
		{052E0E6B-280E-4401-91BA-4E2684B19136}.Debug|Any CPU.ActiveCfg = Debug|Any CPU
		{052E0E6B-280E-4401-91BA-4E2684B19136}.Debug|Any CPU.Build.0 = Debug|Any CPU
		{052E0E6B-280E-4401-91BA-4E2684B19136}.Release|Any CPU.ActiveCfg = Release|Any CPU
		{052E0E6B-280E-4401-91BA-4E2684B19136}.Release|Any CPU.Build.0 = Release|Any CPU
		{2BF37159-94A0-49D0-9D0E-6D21F86C1856}.Debug|Any CPU.ActiveCfg = Debug|Any CPU
		{2BF37159-94A0-49D0-9D0E-6D21F86C1856}.Debug|Any CPU.Build.0 = Debug|Any CPU
		{2BF37159-94A0-49D0-9D0E-6D21F86C1856}.Release|Any CPU.ActiveCfg = Release|Any CPU
		{2BF37159-94A0-49D0-9D0E-6D21F86C1856}.Release|Any CPU.Build.0 = Release|Any CPU
		{29EC5A54-AF64-4976-A307-3029D44234C5}.Debug|Any CPU.ActiveCfg = Debug|Any CPU
		{29EC5A54-AF64-4976-A307-3029D44234C5}.Debug|Any CPU.Build.0 = Debug|Any CPU
		{29EC5A54-AF64-4976-A307-3029D44234C5}.Release|Any CPU.ActiveCfg = Release|Any CPU
		{29EC5A54-AF64-4976-A307-3029D44234C5}.Release|Any CPU.Build.0 = Release|Any CPU
	EndGlobalSection
	GlobalSection(SolutionProperties) = preSolution
		HideSolutionNode = FALSE
	EndGlobalSection
	GlobalSection(NestedProjects) = preSolution
		{D8ACFD77-ABCA-4D99-851C-04E478E785FF} = {F3D10F69-5213-4920-B051-40A261A95586}
		{F59869DF-AAE9-440D-A02A-14D70AE66604} = {F3D10F69-5213-4920-B051-40A261A95586}
		{3AB7B7AC-4643-493A-B692-31AFDC817F0E} = {12E9FCE3-A59A-4CE5-80AB-D429684ACD15}
		{052E0E6B-280E-4401-91BA-4E2684B19136} = {12E9FCE3-A59A-4CE5-80AB-D429684ACD15}
		{2BF37159-94A0-49D0-9D0E-6D21F86C1856} = {62931EF2-EF71-4D5F-8E72-0DB9A09C6FA2}
		{29EC5A54-AF64-4976-A307-3029D44234C5} = {62931EF2-EF71-4D5F-8E72-0DB9A09C6FA2}
	EndGlobalSection
	GlobalSection(ExtensibilityGlobals) = postSolution
		SolutionGuid = {58BBB414-2F36-46F9-B365-B808F775E286}
	EndGlobalSection
EndGlobal
